
Microsoft Visual Studio Solution File, Format Version 12.00
# Visual Studio 15
VisualStudioVersion = 15.0.28307.329
MinimumVisualStudioVersion = 10.0.40219.1
Project("{FAE04EC0-301F-11D3-BF4B-00C04F79EFBC}") = "Me", "Me\Me.csproj", "{28269515-0B42-46EF-BA4A-74A6F9B68CDE}"
EndProject
Global
	GlobalSection(SolutionConfigurationPlatforms) = preSolution
		Debug|Any CPU = Debug|Any CPU
		Release|Any CPU = Release|Any CPU
	EndGlobalSection
	GlobalSection(ProjectConfigurationPlatforms) = postSolution
		{28269515-0B42-46EF-BA4A-74A6F9B68CDE}.Debug|Any CPU.ActiveCfg = Debug|Any CPU
		{28269515-0B42-46EF-BA4A-74A6F9B68CDE}.Debug|Any CPU.Build.0 = Debug|Any CPU
		{28269515-0B42-46EF-BA4A-74A6F9B68CDE}.Release|Any CPU.ActiveCfg = Release|Any CPU
		{28269515-0B42-46EF-BA4A-74A6F9B68CDE}.Release|Any CPU.Build.0 = Release|Any CPU
	EndGlobalSection
	GlobalSection(SolutionProperties) = preSolution
		HideSolutionNode = FALSE
	EndGlobalSection
	GlobalSection(ExtensibilityGlobals) = postSolution
		SolutionGuid = {C9821148-1D00-4F74-B963-5D6B68790A34}
	EndGlobalSection
EndGlobal
